{
    "name": "storage-manager-2.0",
    "lockfileVersion": 3,
    "requires": true,
    "packages": {
        "": {
            "dependencies": {
                "simplex-noise": "^4.0.1"
            }
        },
        "node_modules/simplex-noise": {
            "version": "4.0.1",
            "resolved": "https://registry.npmjs.org/simplex-noise/-/simplex-noise-4.0.1.tgz",
            "integrity": "sha512-zl/+bdSqW7HJOQ0oDbxrNYaF4F5ik0i7M6YOYmEoIJNtg16NpvWaTTM1Y7oV/7T0jFljawLgYPS81Uu2rsfo1A=="
        }
    }
}
